
Microsoft Visual Studio Solution File, Format Version 12.00
# Visual Studio Version 16
VisualStudioVersion = 16.0.31613.86
MinimumVisualStudioVersion = 10.0.40219.1
Project("{9A19103F-16F7-4668-BE54-9A1E7A4F7556}") = "VisProject", "VisProject.csproj", "{B69A9BC1-9336-406D-B909-F96346F9AD01}"
EndProject
Global
	GlobalSection(SolutionConfigurationPlatforms) = preSolution
		Debug|Any CPU = Debug|Any CPU
		Release|Any CPU = Release|Any CPU
	EndGlobalSection
	GlobalSection(ProjectConfigurationPlatforms) = postSolution
		{B69A9BC1-9336-406D-B909-F96346F9AD01}.Debug|Any CPU.ActiveCfg = Debug|Any CPU
		{B69A9BC1-9336-406D-B909-F96346F9AD01}.Debug|Any CPU.Build.0 = Debug|Any CPU
		{B69A9BC1-9336-406D-B909-F96346F9AD01}.Release|Any CPU.ActiveCfg = Release|Any CPU
		{B69A9BC1-9336-406D-B909-F96346F9AD01}.Release|Any CPU.Build.0 = Release|Any CPU
	EndGlobalSection
	GlobalSection(SolutionProperties) = preSolution
		HideSolutionNode = FALSE
	EndGlobalSection
	GlobalSection(ExtensibilityGlobals) = postSolution
		SolutionGuid = {4448FBE7-A60C-4A33-949B-7883EC390188}
	EndGlobalSection
EndGlobal
